
Microsoft Visual Studio Solution File, Format Version 12.00
# Visual Studio Version 17
VisualStudioVersion = 17.5.33516.290
MinimumVisualStudioVersion = 10.0.40219.1
Project("{FAE04EC0-301F-11D3-BF4B-00C04F79EFBC}") = "SchoolHRAdministration", "SchoolHRAdministration.csproj", "{8A392F6E-9C1B-423A-829D-EBD50CF1AD30}"
EndProject
Project("{FAE04EC0-301F-11D3-BF4B-00C04F79EFBC}") = "HRAdministration", "..\HRAdministration\HRAdministration.csproj", "{99E799AF-076E-40C9-85B2-564F522A05DF}"
EndProject
Global
	GlobalSection(SolutionConfigurationPlatforms) = preSolution
		Debug|Any CPU = Debug|Any CPU
		Release|Any CPU = Release|Any CPU
	EndGlobalSection
	GlobalSection(ProjectConfigurationPlatforms) = postSolution
		{8A392F6E-9C1B-423A-829D-EBD50CF1AD30}.Debug|Any CPU.ActiveCfg = Debug|Any CPU
		{8A392F6E-9C1B-423A-829D-EBD50CF1AD30}.Debug|Any CPU.Build.0 = Debug|Any CPU
		{8A392F6E-9C1B-423A-829D-EBD50CF1AD30}.Release|Any CPU.ActiveCfg = Release|Any CPU
		{8A392F6E-9C1B-423A-829D-EBD50CF1AD30}.Release|Any CPU.Build.0 = Release|Any CPU
		{99E799AF-076E-40C9-85B2-564F522A05DF}.Debug|Any CPU.ActiveCfg = Debug|Any CPU
		{99E799AF-076E-40C9-85B2-564F522A05DF}.Debug|Any CPU.Build.0 = Debug|Any CPU
		{99E799AF-076E-40C9-85B2-564F522A05DF}.Release|Any CPU.ActiveCfg = Release|Any CPU
		{99E799AF-076E-40C9-85B2-564F522A05DF}.Release|Any CPU.Build.0 = Release|Any CPU
	EndGlobalSection
	GlobalSection(SolutionProperties) = preSolution
		HideSolutionNode = FALSE
	EndGlobalSection
	GlobalSection(ExtensibilityGlobals) = postSolution
		SolutionGuid = {2A9222B7-E954-4D71-9D7A-A9D30F3227A0}
	EndGlobalSection
EndGlobal
